// !$*UTF8*$!
{
	archiveVersion = 1;
	classes = {
	};
	objectVersion = 77;
	objects = {

/* Begin PBXBuildFile section */
		5E9CB01F2E7C300F00C8DC85 /* Auth in Frameworks */ = {isa = PBXBuildFile; productRef = 5E9CB01E2E7C300F00C8DC85 /* Auth */; };
		5E9CB0212E7C300F00C8DC85 /* Functions in Frameworks */ = {isa = PBXBuildFile; productRef = 5E9CB0202E7C300F00C8DC85 /* Functions */; };
		5E9CB0232E7C300F00C8DC85 /* PostgREST in Frameworks */ = {isa = PBXBuildFile; productRef = 5E9CB0222E7C300F00C8DC85 /* PostgREST */; };
		5E9CB0252E7C300F00C8DC85 /* Realtime in Frameworks */ = {isa = PBXBuildFile; productRef = 5E9CB0242E7C300F00C8DC85 /* Realtime */; };
		5E9CB0272E7C300F00C8DC85 /* Storage in Frameworks */ = {isa = PBXBuildFile; productRef = 5E9CB0262E7C300F00C8DC85 /* Storage */; };
		5E9CB0292E7C300F00C8DC85 /* Supabase in Frameworks */ = {isa = PBXBuildFile; productRef = 5E9CB0282E7C300F00C8DC85 /* Supabase */; };
		5E9CB03B2E7C5DC600C8DC85 /* Config.private.xcconfig in Resources */ = {isa = PBXBuildFile; fileRef = 5E9CB03A2E7C5DC600C8DC85 /* Config.private.xcconfig */; };
		5EEF86C22E861396009988A4 /* KansylShareExtension.appex in Embed Foundation Extensions */ = {isa = PBXBuildFile; fileRef = 5EEF86B82E861396009988A4 /* KansylShareExtension.appex */; settings = {ATTRIBUTES = (RemoveHeadersOnCopy, ); }; };
/* End PBXBuildFile section */

/* Begin PBXContainerItemProxy section */
		5E6853D72E74254500FACCC1 /* PBXContainerItemProxy */ = {
			isa = PBXContainerItemProxy;
			containerPortal = 5E6853C12E74254400FACCC1 /* Project object */;
			proxyType = 1;
			remoteGlobalIDString = 5E6853C82E74254400FACCC1;
			remoteInfo = kansyl;
		};
		5E6853E12E74254500FACCC1 /* PBXContainerItemProxy */ = {
			isa = PBXContainerItemProxy;
			containerPortal = 5E6853C12E74254400FACCC1 /* Project object */;
			proxyType = 1;
			remoteGlobalIDString = 5E6853C82E74254400FACCC1;
			remoteInfo = kansyl;
		};
		5EEF86C02E861396009988A4 /* PBXContainerItemProxy */ = {
			isa = PBXContainerItemProxy;
			containerPortal = 5E6853C12E74254400FACCC1 /* Project object */;
			proxyType = 1;
			remoteGlobalIDString = 5EEF86B72E861395009988A4;
			remoteInfo = KansylShareExtension;
		};
/* End PBXContainerItemProxy section */

/* Begin PBXCopyFilesBuildPhase section */
		5EEF86C32E861396009988A4 /* Embed Foundation Extensions */ = {
			isa = PBXCopyFilesBuildPhase;
			buildActionMask = 2147483647;
			dstPath = "";
			dstSubfolderSpec = 13;
			files = (
				5EEF86C22E861396009988A4 /* KansylShareExtension.appex in Embed Foundation Extensions */,
			);
			name = "Embed Foundation Extensions";
			runOnlyForDeploymentPostprocessing = 0;
		};
/* End PBXCopyFilesBuildPhase section */

/* Begin PBXFileReference section */
		5E62667F2E7D1AF900872A33 /* kansyl.entitlements */ = {isa = PBXFileReference; lastKnownFileType = text.plist.entitlements; path = kansyl.entitlements; sourceTree = "<group>"; };
		5E6853C92E74254400FACCC1 /* kansyl.app */ = {isa = PBXFileReference; explicitFileType = wrapper.application; includeInIndex = 0; path = kansyl.app; sourceTree = BUILT_PRODUCTS_DIR; };
		5E6853D62E74254500FACCC1 /* kansylTests.xctest */ = {isa = PBXFileReference; explicitFileType = wrapper.cfbundle; includeInIndex = 0; path = kansylTests.xctest; sourceTree = BUILT_PRODUCTS_DIR; };
		5E6853E02E74254500FACCC1 /* kansylUITests.xctest */ = {isa = PBXFileReference; explicitFileType = wrapper.cfbundle; includeInIndex = 0; path = kansylUITests.xctest; sourceTree = BUILT_PRODUCTS_DIR; };
		5E9CB03A2E7C5DC600C8DC85 /* Config.private.xcconfig */ = {isa = PBXFileReference; lastKnownFileType = text.xcconfig; path = Config.private.xcconfig; sourceTree = "<group>"; };
		5EEF86B82E861396009988A4 /* KansylShareExtension.appex */ = {isa = PBXFileReference; explicitFileType = "wrapper.app-extension"; includeInIndex = 0; path = KansylShareExtension.appex; sourceTree = BUILT_PRODUCTS_DIR; };
/* End PBXFileReference section */

/* Begin PBXFileSystemSynchronizedBuildFileExceptionSet section */
		5ECA3DCD2E7D292500B510AC /* Exceptions for "kansyl" folder in "kansyl" target */ = {
			isa = PBXFileSystemSynchronizedBuildFileExceptionSet;
			membershipExceptions = (
				Info.plist,
			);
			target = 5E6853C82E74254400FACCC1 /* kansyl */;
		};
		5EEF86C72E861396009988A4 /* Exceptions for "KansylShareExtension" folder in "KansylShareExtension" target */ = {
			isa = PBXFileSystemSynchronizedBuildFileExceptionSet;
			membershipExceptions = (
				Info.plist,
			);
			target = 5EEF86B72E861395009988A4 /* KansylShareExtension */;
		};
/* End PBXFileSystemSynchronizedBuildFileExceptionSet section */

/* Begin PBXFileSystemSynchronizedRootGroup section */
		5E6853CB2E74254400FACCC1 /* kansyl */ = {
			isa = PBXFileSystemSynchronizedRootGroup;
			exceptions = (
				5ECA3DCD2E7D292500B510AC /* Exceptions for "kansyl" folder in "kansyl" target */,
			);
			path = kansyl;
			sourceTree = "<group>";
		};
		5E6853D92E74254500FACCC1 /* kansylTests */ = {
			isa = PBXFileSystemSynchronizedRootGroup;
			path = kansylTests;
			sourceTree = "<group>";
		};
		5E6853E32E74254500FACCC1 /* kansylUITests */ = {
			isa = PBXFileSystemSynchronizedRootGroup;
			path = kansylUITests;
			sourceTree = "<group>";
		};
		5EEF86B92E861396009988A4 /* KansylShareExtension */ = {
			isa = PBXFileSystemSynchronizedRootGroup;
			exceptions = (
				5EEF86C72E861396009988A4 /* Exceptions for "KansylShareExtension" folder in "KansylShareExtension" target */,
			);
			path = KansylShareExtension;
			sourceTree = "<group>";
		};
/* End PBXFileSystemSynchronizedRootGroup section */

/* Begin PBXFrameworksBuildPhase section */
		5E6853C62E74254400FACCC1 /* Frameworks */ = {
			isa = PBXFrameworksBuildPhase;
			buildActionMask = 2147483647;
			files = (
				5E9CB0232E7C300F00C8DC85 /* PostgREST in Frameworks */,
				5E9CB0212E7C300F00C8DC85 /* Functions in Frameworks */,
				5E9CB0292E7C300F00C8DC85 /* Supabase in Frameworks */,
				5E9CB01F2E7C300F00C8DC85 /* Auth in Frameworks */,
				5E9CB0272E7C300F00C8DC85 /* Storage in Frameworks */,
				5E9CB0252E7C300F00C8DC85 /* Realtime in Frameworks */,
			);
			runOnlyForDeploymentPostprocessing = 0;
		};
		5E6853D32E74254500FACCC1 /* Frameworks */ = {
			isa = PBXFrameworksBuildPhase;
			buildActionMask = 2147483647;
			files = (
			);
			runOnlyForDeploymentPostprocessing = 0;
		};
		5E6853DD2E74254500FACCC1 /* Frameworks */ = {
			isa = PBXFrameworksBuildPhase;
			buildActionMask = 2147483647;
			files = (
			);
			runOnlyForDeploymentPostprocessing = 0;
		};
		5EEF86B52E861395009988A4 /* Frameworks */ = {
			isa = PBXFrameworksBuildPhase;
			buildActionMask = 2147483647;
			files = (
			);
			runOnlyForDeploymentPostprocessing = 0;
		};
/* End PBXFrameworksBuildPhase section */

/* Begin PBXGroup section */
		5E6853C02E74254400FACCC1 = {
			isa = PBXGroup;
			children = (
				5E6853CB2E74254400FACCC1 /* kansyl */,
				5E6853D92E74254500FACCC1 /* kansylTests */,
				5E6853E32E74254500FACCC1 /* kansylUITests */,
				5EEF86B92E861396009988A4 /* KansylShareExtension */,
				5E6853CA2E74254400FACCC1 /* Products */,
				5E9CB03A2E7C5DC600C8DC85 /* Config.private.xcconfig */,
				5E62667F2E7D1AF900872A33 /* kansyl.entitlements */,
			);
			sourceTree = "<group>";
		};
		5E6853CA2E74254400FACCC1 /* Products */ = {
			isa = PBXGroup;
			children = (
				5E6853C92E74254400FACCC1 /* kansyl.app */,
				5E6853D62E74254500FACCC1 /* kansylTests.xctest */,
				5E6853E02E74254500FACCC1 /* kansylUITests.xctest */,
				5EEF86B82E861396009988A4 /* KansylShareExtension.appex */,
			);
			name = Products;
			sourceTree = "<group>";
		};
/* End PBXGroup section */

/* Begin PBXNativeTarget section */
		5E6853C82E74254400FACCC1 /* kansyl */ = {
			isa = PBXNativeTarget;
			buildConfigurationList = 5E6853EA2E74254500FACCC1 /* Build configuration list for PBXNativeTarget "kansyl" */;
			buildPhases = (
				5E6853C52E74254400FACCC1 /* Sources */,
				5E6853C62E74254400FACCC1 /* Frameworks */,
				5E6853C72E74254400FACCC1 /* Resources */,
				5EEF86C32E861396009988A4 /* Embed Foundation Extensions */,
			);
			buildRules = (
			);
			dependencies = (
				5EEF86C12E861396009988A4 /* PBXTargetDependency */,
			);
			fileSystemSynchronizedGroups = (
				5E6853CB2E74254400FACCC1 /* kansyl */,
			);
			name = kansyl;
			packageProductDependencies = (
				5E9CB01E2E7C300F00C8DC85 /* Auth */,
				5E9CB0202E7C300F00C8DC85 /* Functions */,
				5E9CB0222E7C300F00C8DC85 /* PostgREST */,
				5E9CB0242E7C300F00C8DC85 /* Realtime */,
				5E9CB0262E7C300F00C8DC85 /* Storage */,
				5E9CB0282E7C300F00C8DC85 /* Supabase */,
			);
			productName = kansyl;
			productReference = 5E6853C92E74254400FACCC1 /* kansyl.app */;
			productType = "com.apple.product-type.application";
		};
		5E6853D52E74254500FACCC1 /* kansylTests */ = {
			isa = PBXNativeTarget;
			buildConfigurationList = 5E6853ED2E74254500FACCC1 /* Build configuration list for PBXNativeTarget "kansylTests" */;
			buildPhases = (
				5E6853D22E74254500FACCC1 /* Sources */,
				5E6853D32E74254500FACCC1 /* Frameworks */,
				5E6853D42E74254500FACCC1 /* Resources */,
			);
			buildRules = (
			);
			dependencies = (
				5E6853D82E74254500FACCC1 /* PBXTargetDependency */,
			);
			fileSystemSynchronizedGroups = (
				5E6853D92E74254500FACCC1 /* kansylTests */,
			);
			name = kansylTests;
			packageProductDependencies = (
			);
			productName = kansylTests;
			productReference = 5E6853D62E74254500FACCC1 /* kansylTests.xctest */;
			productType = "com.apple.product-type.bundle.unit-test";
		};
		5E6853DF2E74254500FACCC1 /* kansylUITests */ = {
			isa = PBXNativeTarget;
			buildConfigurationList = 5E6853F02E74254500FACCC1 /* Build configuration list for PBXNativeTarget "kansylUITests" */;
			buildPhases = (
				5E6853DC2E74254500FACCC1 /* Sources */,
				5E6853DD2E74254500FACCC1 /* Frameworks */,
				5E6853DE2E74254500FACCC1 /* Resources */,
			);
			buildRules = (
			);
			dependencies = (
				5E6853E22E74254500FACCC1 /* PBXTargetDependency */,
			);
			fileSystemSynchronizedGroups = (
				5E6853E32E74254500FACCC1 /* kansylUITests */,
			);
			name = kansylUITests;
			packageProductDependencies = (
			);
			productName = kansylUITests;
			productReference = 5E6853E02E74254500FACCC1 /* kansylUITests.xctest */;
			productType = "com.apple.product-type.bundle.ui-testing";
		};
		5EEF86B72E861395009988A4 /* KansylShareExtension */ = {
			isa = PBXNativeTarget;
			buildConfigurationList = 5EEF86C62E861396009988A4 /* Build configuration list for PBXNativeTarget "KansylShareExtension" */;
			buildPhases = (
				5EEF86B42E861395009988A4 /* Sources */,
				5EEF86B52E861395009988A4 /* Frameworks */,
				5EEF86B62E861395009988A4 /* Resources */,
			);
			buildRules = (
			);
			dependencies = (
			);
			fileSystemSynchronizedGroups = (
				5EEF86B92E861396009988A4 /* KansylShareExtension */,
			);
			name = KansylShareExtension;
			packageProductDependencies = (
			);
			productName = KansylShareExtension;
			productReference = 5EEF86B82E861396009988A4 /* KansylShareExtension.appex */;
			productType = "com.apple.product-type.app-extension";
		};
/* End PBXNativeTarget section */

/* Begin PBXProject section */
		5E6853C12E74254400FACCC1 /* Project object */ = {
			isa = PBXProject;
			attributes = {
				BuildIndependentTargetsInParallel = 1;
				LastSwiftUpdateCheck = 1640;
				LastUpgradeCheck = 1640;
				TargetAttributes = {
					5E6853C82E74254400FACCC1 = {
						CreatedOnToolsVersion = 16.4;
					};
					5E6853D52E74254500FACCC1 = {
						CreatedOnToolsVersion = 16.4;
						TestTargetID = 5E6853C82E74254400FACCC1;
					};
					5E6853DF2E74254500FACCC1 = {
						CreatedOnToolsVersion = 16.4;
						TestTargetID = 5E6853C82E74254400FACCC1;
					};
					5EEF86B72E861395009988A4 = {
						CreatedOnToolsVersion = 16.4;
					};
				};
			};
			buildConfigurationList = 5E6853C42E74254400FACCC1 /* Build configuration list for PBXProject "kansyl" */;
			developmentRegion = en;
			hasScannedForEncodings = 0;
			knownRegions = (
				en,
				Base,
			);
			mainGroup = 5E6853C02E74254400FACCC1;
			minimizedProjectReferenceProxies = 1;
			packageReferences = (
				5E9CB01D2E7C300F00C8DC85 /* XCRemoteSwiftPackageReference "supabase-swift" */,
			);
			preferredProjectObjectVersion = 77;
			productRefGroup = 5E6853CA2E74254400FACCC1 /* Products */;
			projectDirPath = "";
			projectRoot = "";
			targets = (
				5E6853C82E74254400FACCC1 /* kansyl */,
				5E6853D52E74254500FACCC1 /* kansylTests */,
				5E6853DF2E74254500FACCC1 /* kansylUITests */,
				5EEF86B72E861395009988A4 /* KansylShareExtension */,
			);
		};
/* End PBXProject section */

/* Begin PBXResourcesBuildPhase section */
		5E6853C72E74254400FACCC1 /* Resources */ = {
			isa = PBXResourcesBuildPhase;
			buildActionMask = 2147483647;
			files = (
				5E9CB03B2E7C5DC600C8DC85 /* Config.private.xcconfig in Resources */,
			);
			runOnlyForDeploymentPostprocessing = 0;
		};
		5E6853D42E74254500FACCC1 /* Resources */ = {
			isa = PBXResourcesBuildPhase;
			buildActionMask = 2147483647;
			files = (
			);
			runOnlyForDeploymentPostprocessing = 0;
		};
		5E6853DE2E74254500FACCC1 /* Resources */ = {
			isa = PBXResourcesBuildPhase;
			buildActionMask = 2147483647;
			files = (
			);
			runOnlyForDeploymentPostprocessing = 0;
		};
		5EEF86B62E861395009988A4 /* Resources */ = {
			isa = PBXResourcesBuildPhase;
			buildActionMask = 2147483647;
			files = (
			);
			runOnlyForDeploymentPostprocessing = 0;
		};
/* End PBXResourcesBuildPhase section */

/* Begin PBXSourcesBuildPhase section */
		5E6853C52E74254400FACCC1 /* Sources */ = {
			isa = PBXSourcesBuildPhase;
			buildActionMask = 2147483647;
			files = (
			);
			runOnlyForDeploymentPostprocessing = 0;
		};
		5E6853D22E74254500FACCC1 /* Sources */ = {
			isa = PBXSourcesBuildPhase;
			buildActionMask = 2147483647;
			files = (
			);
			runOnlyForDeploymentPostprocessing = 0;
		};
		5E6853DC2E74254500FACCC1 /* Sources */ = {
			isa = PBXSourcesBuildPhase;
			buildActionMask = 2147483647;
			files = (
			);
			runOnlyForDeploymentPostprocessing = 0;
		};
		5EEF86B42E861395009988A4 /* Sources */ = {
			isa = PBXSourcesBuildPhase;
			buildActionMask = 2147483647;
			files = (
			);
			runOnlyForDeploymentPostprocessing = 0;
		};
/* End PBXSourcesBuildPhase section */

/* Begin PBXTargetDependency section */
		5E6853D82E74254500FACCC1 /* PBXTargetDependency */ = {
			isa = PBXTargetDependency;
			target = 5E6853C82E74254400FACCC1 /* kansyl */;
			targetProxy = 5E6853D72E74254500FACCC1 /* PBXContainerItemProxy */;
		};
		5E6853E22E74254500FACCC1 /* PBXTargetDependency */ = {
			isa = PBXTargetDependency;
			target = 5E6853C82E74254400FACCC1 /* kansyl */;
			targetProxy = 5E6853E12E74254500FACCC1 /* PBXContainerItemProxy */;
		};
		5EEF86C12E861396009988A4 /* PBXTargetDependency */ = {
			isa = PBXTargetDependency;
			target = 5EEF86B72E861395009988A4 /* KansylShareExtension */;
			targetProxy = 5EEF86C02E861396009988A4 /* PBXContainerItemProxy */;
		};
/* End PBXTargetDependency section */

/* Begin XCBuildConfiguration section */
		5E6853E82E74254500FACCC1 /* Debug */ = {
			isa = XCBuildConfiguration;
			buildSettings = {
				ALWAYS_SEARCH_USER_PATHS = NO;
				ASSETCATALOG_COMPILER_GENERATE_SWIFT_ASSET_SYMBOL_EXTENSIONS = YES;
				CLANG_ANALYZER_NONNULL = YES;
				CLANG_ANALYZER_NUMBER_OBJECT_CONVERSION = YES_AGGRESSIVE;
				CLANG_CXX_LANGUAGE_STANDARD = "gnu++20";
				CLANG_ENABLE_MODULES = YES;
				CLANG_ENABLE_OBJC_ARC = YES;
				CLANG_ENABLE_OBJC_WEAK = YES;
				CLANG_WARN_BLOCK_CAPTURE_AUTORELEASING = YES;
				CLANG_WARN_BOOL_CONVERSION = YES;
				CLANG_WARN_COMMA = YES;
				CLANG_WARN_CONSTANT_CONVERSION = YES;
				CLANG_WARN_DEPRECATED_OBJC_IMPLEMENTATIONS = YES;
				CLANG_WARN_DIRECT_OBJC_ISA_USAGE = YES_ERROR;
				CLANG_WARN_DOCUMENTATION_COMMENTS = YES;
				CLANG_WARN_EMPTY_BODY = YES;
				CLANG_WARN_ENUM_CONVERSION = YES;
				CLANG_WARN_INFINITE_RECURSION = YES;
				CLANG_WARN_INT_CONVERSION = YES;
				CLANG_WARN_NON_LITERAL_NULL_CONVERSION = YES;
				CLANG_WARN_OBJC_IMPLICIT_RETAIN_SELF = YES;
				CLANG_WARN_OBJC_LITERAL_CONVERSION = YES;
				CLANG_WARN_OBJC_ROOT_CLASS = YES_ERROR;
				CLANG_WARN_QUOTED_INCLUDE_IN_FRAMEWORK_HEADER = YES;
				CLANG_WARN_RANGE_LOOP_ANALYSIS = YES;
				CLANG_WARN_STRICT_PROTOTYPES = YES;
				CLANG_WARN_SUSPICIOUS_MOVE = YES;
				CLANG_WARN_UNGUARDED_AVAILABILITY = YES_AGGRESSIVE;
				CLANG_WARN_UNREACHABLE_CODE = YES;
				CLANG_WARN__DUPLICATE_METHOD_MATCH = YES;
				COPY_PHASE_STRIP = NO;
				DEBUG_INFORMATION_FORMAT = dwarf;
				DEVELOPMENT_TEAM = YXXWV4ZNFS;
				ENABLE_STRICT_OBJC_MSGSEND = YES;
				ENABLE_TESTABILITY = YES;
				ENABLE_USER_SCRIPT_SANDBOXING = YES;
				GCC_C_LANGUAGE_STANDARD = gnu17;
				GCC_DYNAMIC_NO_PIC = NO;
				GCC_NO_COMMON_BLOCKS = YES;
				GCC_OPTIMIZATION_LEVEL = 0;
				GCC_PREPROCESSOR_DEFINITIONS = (
					"DEBUG=1",
					"$(inherited)",
				);
				GCC_WARN_64_TO_32_BIT_CONVERSION = YES;
				GCC_WARN_ABOUT_RETURN_TYPE = YES_ERROR;
				GCC_WARN_UNDECLARED_SELECTOR = YES;
				GCC_WARN_UNINITIALIZED_AUTOS = YES_AGGRESSIVE;
				GCC_WARN_UNUSED_FUNCTION = YES;
				GCC_WARN_UNUSED_VARIABLE = YES;
				IPHONEOS_DEPLOYMENT_TARGET = 15.0;
				LOCALIZATION_PREFERS_STRING_CATALOGS = YES;
				MTL_ENABLE_DEBUG_INFO = INCLUDE_SOURCE;
				MTL_FAST_MATH = YES;
				ONLY_ACTIVE_ARCH = YES;
				SDKROOT = iphoneos;
				SWIFT_ACTIVE_COMPILATION_CONDITIONS = "DEBUG $(inherited)";
				SWIFT_OPTIMIZATION_LEVEL = "-Onone";
			};
			name = Debug;
		};
		5E6853E92E74254500FACCC1 /* Release */ = {
			isa = XCBuildConfiguration;
			buildSettings = {
				ALWAYS_SEARCH_USER_PATHS = NO;
				ASSETCATALOG_COMPILER_GENERATE_SWIFT_ASSET_SYMBOL_EXTENSIONS = YES;
				CLANG_ANALYZER_NONNULL = YES;
				CLANG_ANALYZER_NUMBER_OBJECT_CONVERSION = YES_AGGRESSIVE;
				CLANG_CXX_LANGUAGE_STANDARD = "gnu++20";
				CLANG_ENABLE_MODULES = YES;
				CLANG_ENABLE_OBJC_ARC = YES;
				CLANG_ENABLE_OBJC_WEAK = YES;
				CLANG_WARN_BLOCK_CAPTURE_AUTORELEASING = YES;
				CLANG_WARN_BOOL_CONVERSION = YES;
				CLANG_WARN_COMMA = YES;
				CLANG_WARN_CONSTANT_CONVERSION = YES;
				CLANG_WARN_DEPRECATED_OBJC_IMPLEMENTATIONS = YES;
				CLANG_WARN_DIRECT_OBJC_ISA_USAGE = YES_ERROR;
				CLANG_WARN_DOCUMENTATION_COMMENTS = YES;
				CLANG_WARN_EMPTY_BODY = YES;
				CLANG_WARN_ENUM_CONVERSION = YES;
				CLANG_WARN_INFINITE_RECURSION = YES;
				CLANG_WARN_INT_CONVERSION = YES;
				CLANG_WARN_NON_LITERAL_NULL_CONVERSION = YES;
				CLANG_WARN_OBJC_IMPLICIT_RETAIN_SELF = YES;
				CLANG_WARN_OBJC_LITERAL_CONVERSION = YES;
				CLANG_WARN_OBJC_ROOT_CLASS = YES_ERROR;
				CLANG_WARN_QUOTED_INCLUDE_IN_FRAMEWORK_HEADER = YES;
				CLANG_WARN_RANGE_LOOP_ANALYSIS = YES;
				CLANG_WARN_STRICT_PROTOTYPES = YES;
				CLANG_WARN_SUSPICIOUS_MOVE = YES;
				CLANG_WARN_UNGUARDED_AVAILABILITY = YES_AGGRESSIVE;
				CLANG_WARN_UNREACHABLE_CODE = YES;
				CLANG_WARN__DUPLICATE_METHOD_MATCH = YES;
				COPY_PHASE_STRIP = NO;
				DEBUG_INFORMATION_FORMAT = "dwarf-with-dsym";
				DEVELOPMENT_TEAM = YXXWV4ZNFS;
				ENABLE_NS_ASSERTIONS = NO;
				ENABLE_STRICT_OBJC_MSGSEND = YES;
				ENABLE_USER_SCRIPT_SANDBOXING = YES;
				GCC_C_LANGUAGE_STANDARD = gnu17;
				GCC_NO_COMMON_BLOCKS = YES;
				GCC_WARN_64_TO_32_BIT_CONVERSION = YES;
				GCC_WARN_ABOUT_RETURN_TYPE = YES_ERROR;
				GCC_WARN_UNDECLARED_SELECTOR = YES;
				GCC_WARN_UNINITIALIZED_AUTOS = YES_AGGRESSIVE;
				GCC_WARN_UNUSED_FUNCTION = YES;
				GCC_WARN_UNUSED_VARIABLE = YES;
				IPHONEOS_DEPLOYMENT_TARGET = 15.0;
				LOCALIZATION_PREFERS_STRING_CATALOGS = YES;
				MTL_ENABLE_DEBUG_INFO = NO;
				MTL_FAST_MATH = YES;
				SDKROOT = iphoneos;
				SWIFT_COMPILATION_MODE = wholemodule;
				VALIDATE_PRODUCT = YES;
			};
			name = Release;
		};
		5E6853EB2E74254500FACCC1 /* Debug */ = {
			isa = XCBuildConfiguration;
			baseConfigurationReference = 5E9CB03A2E7C5DC600C8DC85 /* Config.private.xcconfig */;
			buildSettings = {
				ASSETCATALOG_COMPILER_APPICON_NAME = AppIcon;
				ASSETCATALOG_COMPILER_GLOBAL_ACCENT_COLOR_NAME = AccentColor;
				CODE_SIGN_ENTITLEMENTS = kansyl/kansyl.entitlements;
				CODE_SIGN_STYLE = Automatic;
				CURRENT_PROJECT_VERSION = 1;
				DEVELOPMENT_TEAM = YXXWV4ZNFS;
				ENABLE_PREVIEWS = YES;
				GENERATE_INFOPLIST_FILE = YES;
				INFOPLIST_FILE = kansyl/Info.plist;
				INFOPLIST_KEY_NSCalendarsUsageDescription = "Kansyl needs access to your calendar to create reminders for your trial end dates. This helps ensure you never forget to cancel unwanted subscriptions.";
				INFOPLIST_KEY_NSCameraUsageDescription = "Kansyl needs access to your camera to scan receipts and automatically detect subscription information using AI.";
				INFOPLIST_KEY_NSPhotoLibraryUsageDescription = "Kansyl needs access to your photo library to let you add custom logos for your subscriptions and scan receipt images for AI-powered subscription detection.";
				INFOPLIST_KEY_NSUserNotificationsUsageDescription = "Kansyl sends you timely reminders before your free trials end, helping you avoid unwanted charges.";
				INFOPLIST_KEY_UIApplicationSceneManifest_Generation = YES;
				INFOPLIST_KEY_UIApplicationSupportsIndirectInputEvents = YES;
				INFOPLIST_KEY_UILaunchScreen_Generation = YES;
				INFOPLIST_KEY_UISupportedInterfaceOrientations_iPad = "UIInterfaceOrientationPortrait UIInterfaceOrientationPortraitUpsideDown UIInterfaceOrientationLandscapeLeft UIInterfaceOrientationLandscapeRight";
				INFOPLIST_KEY_UISupportedInterfaceOrientations_iPhone = "UIInterfaceOrientationPortrait UIInterfaceOrientationLandscapeLeft UIInterfaceOrientationLandscapeRight";
				LD_RUNPATH_SEARCH_PATHS = (
					"$(inherited)",
					"@executable_path/Frameworks",
				);
				MARKETING_VERSION = 1.0;
				PRODUCT_BUNDLE_IDENTIFIER = "com.juan-oclock.kansyl.kansyl";
				PRODUCT_NAME = "$(TARGET_NAME)";
				SWIFT_EMIT_LOC_STRINGS = YES;
				SWIFT_VERSION = 5.0;
				TARGETED_DEVICE_FAMILY = "1,2";
			};
			name = Debug;
		};
		5E6853EC2E74254500FACCC1 /* Release */ = {
			isa = XCBuildConfiguration;
			baseConfigurationReference = 5E9CB03A2E7C5DC600C8DC85 /* Config.private.xcconfig */;
			buildSettings = {
				ASSETCATALOG_COMPILER_APPICON_NAME = AppIcon;
				ASSETCATALOG_COMPILER_GLOBAL_ACCENT_COLOR_NAME = AccentColor;
				CODE_SIGN_ENTITLEMENTS = kansyl/kansyl.entitlements;
				CODE_SIGN_STYLE = Automatic;
				CURRENT_PROJECT_VERSION = 1;
				DEVELOPMENT_TEAM = YXXWV4ZNFS;
				ENABLE_PREVIEWS = YES;
				GENERATE_INFOPLIST_FILE = YES;
				INFOPLIST_FILE = kansyl/Info.plist;
				INFOPLIST_KEY_NSCalendarsUsageDescription = "Kansyl needs access to your calendar to create reminders for your trial end dates. This helps ensure you never forget to cancel unwanted subscriptions.";
				INFOPLIST_KEY_NSCameraUsageDescription = "Kansyl needs access to your camera to scan receipts and automatically detect subscription information using AI.";
				INFOPLIST_KEY_NSPhotoLibraryUsageDescription = "Kansyl needs access to your photo library to let you add custom logos for your subscriptions and scan receipt images for AI-powered subscription detection.";
				INFOPLIST_KEY_NSUserNotificationsUsageDescription = "Kansyl sends you timely reminders before your free trials end, helping you avoid unwanted charges.";
				INFOPLIST_KEY_UIApplicationSceneManifest_Generation = YES;
				INFOPLIST_KEY_UIApplicationSupportsIndirectInputEvents = YES;
				INFOPLIST_KEY_UILaunchScreen_Generation = YES;
				INFOPLIST_KEY_UISupportedInterfaceOrientations_iPad = "UIInterfaceOrientationPortrait UIInterfaceOrientationPortraitUpsideDown UIInterfaceOrientationLandscapeLeft UIInterfaceOrientationLandscapeRight";
				INFOPLIST_KEY_UISupportedInterfaceOrientations_iPhone = "UIInterfaceOrientationPortrait UIInterfaceOrientationLandscapeLeft UIInterfaceOrientationLandscapeRight";
				LD_RUNPATH_SEARCH_PATHS = (
					"$(inherited)",
					"@executable_path/Frameworks",
				);
				MARKETING_VERSION = 1.0;
				PRODUCT_BUNDLE_IDENTIFIER = "com.juan-oclock.kansyl.kansyl";
				PRODUCT_NAME = "$(TARGET_NAME)";
				SWIFT_EMIT_LOC_STRINGS = YES;
				SWIFT_VERSION = 5.0;
				TARGETED_DEVICE_FAMILY = "1,2";
			};
			name = Release;
		};
		5E6853EE2E74254500FACCC1 /* Debug */ = {
			isa = XCBuildConfiguration;
			buildSettings = {
				BUNDLE_LOADER = "$(TEST_HOST)";
				CODE_SIGN_STYLE = Automatic;
				CURRENT_PROJECT_VERSION = 1;
				DEVELOPMENT_TEAM = YXXWV4ZNFS;
				GENERATE_INFOPLIST_FILE = YES;
				IPHONEOS_DEPLOYMENT_TARGET = 15.0;
				MARKETING_VERSION = 1.0;
				PRODUCT_BUNDLE_IDENTIFIER = "com.juan-oclock.kansyl.kansylTests";
				PRODUCT_NAME = "$(TARGET_NAME)";
				SWIFT_EMIT_LOC_STRINGS = NO;
				SWIFT_VERSION = 5.0;
				TARGETED_DEVICE_FAMILY = "1,2";
				TEST_HOST = "$(BUILT_PRODUCTS_DIR)/kansyl.app/$(BUNDLE_EXECUTABLE_FOLDER_PATH)/kansyl";
			};
			name = Debug;
		};
		5E6853EF2E74254500FACCC1 /* Release */ = {
			isa = XCBuildConfiguration;
			buildSettings = {
				BUNDLE_LOADER = "$(TEST_HOST)";
				CODE_SIGN_STYLE = Automatic;
				CURRENT_PROJECT_VERSION = 1;
				DEVELOPMENT_TEAM = YXXWV4ZNFS;
				GENERATE_INFOPLIST_FILE = YES;
				IPHONEOS_DEPLOYMENT_TARGET = 15.0;
				MARKETING_VERSION = 1.0;
				PRODUCT_BUNDLE_IDENTIFIER = "com.juan-oclock.kansyl.kansylTests";
				PRODUCT_NAME = "$(TARGET_NAME)";
				SWIFT_EMIT_LOC_STRINGS = NO;
				SWIFT_VERSION = 5.0;
				TARGETED_DEVICE_FAMILY = "1,2";
				TEST_HOST = "$(BUILT_PRODUCTS_DIR)/kansyl.app/$(BUNDLE_EXECUTABLE_FOLDER_PATH)/kansyl";
			};
			name = Release;
		};
		5E6853F12E74254500FACCC1 /* Debug */ = {
			isa = XCBuildConfiguration;
			buildSettings = {
				CODE_SIGN_STYLE = Automatic;
				CURRENT_PROJECT_VERSION = 1;
				DEVELOPMENT_TEAM = YXXWV4ZNFS;
				GENERATE_INFOPLIST_FILE = YES;
				MARKETING_VERSION = 1.0;
				PRODUCT_BUNDLE_IDENTIFIER = "com.juan-oclock.kansyl.kansylUITests";
				PRODUCT_NAME = "$(TARGET_NAME)";
				SWIFT_EMIT_LOC_STRINGS = NO;
				SWIFT_VERSION = 5.0;
				TARGETED_DEVICE_FAMILY = "1,2";
				TEST_TARGET_NAME = kansyl;
			};
			name = Debug;
		};
		5E6853F22E74254500FACCC1 /* Release */ = {
			isa = XCBuildConfiguration;
			buildSettings = {
				CODE_SIGN_STYLE = Automatic;
				CURRENT_PROJECT_VERSION = 1;
				DEVELOPMENT_TEAM = YXXWV4ZNFS;
				GENERATE_INFOPLIST_FILE = YES;
				MARKETING_VERSION = 1.0;
				PRODUCT_BUNDLE_IDENTIFIER = "com.juan-oclock.kansyl.ShareExtension";
				PRODUCT_NAME = "$(TARGET_NAME)";
				SWIFT_EMIT_LOC_STRINGS = NO;
				SWIFT_VERSION = 5.0;
				TARGETED_DEVICE_FAMILY = "1,2";
				TEST_TARGET_NAME = kansyl;
			};
			name = Release;
		};
		5EEF86C42E861396009988A4 /* Debug */ = {
			isa = XCBuildConfiguration;
			buildSettings = {
				CODE_SIGN_STYLE = Automatic;
				CURRENT_PROJECT_VERSION = 1;
				DEVELOPMENT_TEAM = YXXWV4ZNFS;
				GENERATE_INFOPLIST_FILE = YES;
				INFOPLIST_FILE = KansylShareExtension/Info.plist;
				INFOPLIST_KEY_CFBundleDisplayName = KansylShareExtension;
				INFOPLIST_KEY_NSHumanReadableCopyright = "";
				IPHONEOS_DEPLOYMENT_TARGET = 15.0;
				LD_RUNPATH_SEARCH_PATHS = (
					"$(inherited)",
					"@executable_path/Frameworks",
					"@executable_path/../../Frameworks",
				);
				MARKETING_VERSION = 1.0;
				PRODUCT_BUNDLE_IDENTIFIER = "com.juan-oclock.kansyl.kansyl.KansylShareExtension";
				PRODUCT_NAME = "$(TARGET_NAME)";
				SKIP_INSTALL = YES;
				SWIFT_EMIT_LOC_STRINGS = YES;
				SWIFT_VERSION = 5.0;
				TARGETED_DEVICE_FAMILY = "1,2";
			};
			name = Debug;
		};
		5EEF86C52E861396009988A4 /* Release */ = {
			isa = XCBuildConfiguration;
			buildSettings = {
				CODE_SIGN_STYLE = Automatic;
				CURRENT_PROJECT_VERSION = 1;
				DEVELOPMENT_TEAM = YXXWV4ZNFS;
				GENERATE_INFOPLIST_FILE = YES;
				INFOPLIST_FILE = KansylShareExtension/Info.plist;
				INFOPLIST_KEY_CFBundleDisplayName = KansylShareExtension;
				INFOPLIST_KEY_NSHumanReadableCopyright = "";
				IPHONEOS_DEPLOYMENT_TARGET = 15.0;
				LD_RUNPATH_SEARCH_PATHS = (
					"$(inherited)",
					"@executable_path/Frameworks",
					"@executable_path/../../Frameworks",
				);
				MARKETING_VERSION = 1.0;
				PRODUCT_BUNDLE_IDENTIFIER = "com.juan-oclock.kansyl.kansyl.KansylShareExtension";
				PRODUCT_NAME = "$(TARGET_NAME)";
				SKIP_INSTALL = YES;
				SWIFT_EMIT_LOC_STRINGS = YES;
				SWIFT_VERSION = 5.0;
				TARGETED_DEVICE_FAMILY = "1,2";
			};
			name = Release;
		};
/* End XCBuildConfiguration section */

/* Begin XCConfigurationList section */
		5E6853C42E74254400FACCC1 /* Build configuration list for PBXProject "kansyl" */ = {
			isa = XCConfigurationList;
			buildConfigurations = (
				5E6853E82E74254500FACCC1 /* Debug */,
				5E6853E92E74254500FACCC1 /* Release */,
			);
			defaultConfigurationIsVisible = 0;
			defaultConfigurationName = Release;
		};
		5E6853EA2E74254500FACCC1 /* Build configuration list for PBXNativeTarget "kansyl" */ = {
			isa = XCConfigurationList;
			buildConfigurations = (
				5E6853EB2E74254500FACCC1 /* Debug */,
				5E6853EC2E74254500FACCC1 /* Release */,
			);
			defaultConfigurationIsVisible = 0;
			defaultConfigurationName = Release;
		};
		5E6853ED2E74254500FACCC1 /* Build configuration list for PBXNativeTarget "kansylTests" */ = {
			isa = XCConfigurationList;
			buildConfigurations = (
				5E6853EE2E74254500FACCC1 /* Debug */,
				5E6853EF2E74254500FACCC1 /* Release */,
			);
			defaultConfigurationIsVisible = 0;
			defaultConfigurationName = Release;
		};
		5E6853F02E74254500FACCC1 /* Build configuration list for PBXNativeTarget "kansylUITests" */ = {
			isa = XCConfigurationList;
			buildConfigurations = (
				5E6853F12E74254500FACCC1 /* Debug */,
				5E6853F22E74254500FACCC1 /* Release */,
			);
			defaultConfigurationIsVisible = 0;
			defaultConfigurationName = Release;
		};
		5EEF86C62E861396009988A4 /* Build configuration list for PBXNativeTarget "KansylShareExtension" */ = {
			isa = XCConfigurationList;
			buildConfigurations = (
				5EEF86C42E861396009988A4 /* Debug */,
				5EEF86C52E861396009988A4 /* Release */,
			);
			defaultConfigurationIsVisible = 0;
			defaultConfigurationName = Release;
		};
/* End XCConfigurationList section */

/* Begin XCRemoteSwiftPackageReference section */
		5E9CB01D2E7C300F00C8DC85 /* XCRemoteSwiftPackageReference "supabase-swift" */ = {
			isa = XCRemoteSwiftPackageReference;
			repositoryURL = "https://github.com/supabase/supabase-swift";
			requirement = {
				kind = upToNextMajorVersion;
				minimumVersion = 2.5.1;
			};
		};
/* End XCRemoteSwiftPackageReference section */

/* Begin XCSwiftPackageProductDependency section */
		5E9CB01E2E7C300F00C8DC85 /* Auth */ = {
			isa = XCSwiftPackageProductDependency;
			package = 5E9CB01D2E7C300F00C8DC85 /* XCRemoteSwiftPackageReference "supabase-swift" */;
			productName = Auth;
		};
		5E9CB0202E7C300F00C8DC85 /* Functions */ = {
			isa = XCSwiftPackageProductDependency;
			package = 5E9CB01D2E7C300F00C8DC85 /* XCRemoteSwiftPackageReference "supabase-swift" */;
			productName = Functions;
		};
		5E9CB0222E7C300F00C8DC85 /* PostgREST */ = {
			isa = XCSwiftPackageProductDependency;
			package = 5E9CB01D2E7C300F00C8DC85 /* XCRemoteSwiftPackageReference "supabase-swift" */;
			productName = PostgREST;
		};
		5E9CB0242E7C300F00C8DC85 /* Realtime */ = {
			isa = XCSwiftPackageProductDependency;
			package = 5E9CB01D2E7C300F00C8DC85 /* XCRemoteSwiftPackageReference "supabase-swift" */;
			productName = Realtime;
		};
		5E9CB0262E7C300F00C8DC85 /* Storage */ = {
			isa = XCSwiftPackageProductDependency;
			package = 5E9CB01D2E7C300F00C8DC85 /* XCRemoteSwiftPackageReference "supabase-swift" */;
			productName = Storage;
		};
		5E9CB0282E7C300F00C8DC85 /* Supabase */ = {
			isa = XCSwiftPackageProductDependency;
			package = 5E9CB01D2E7C300F00C8DC85 /* XCRemoteSwiftPackageReference "supabase-swift" */;
			productName = Supabase;
		};
/* End XCSwiftPackageProductDependency section */
	};
	rootObject = 5E6853C12E74254400FACCC1 /* Project object */;
}
